
Microsoft Visual Studio Solution File, Format Version 12.00
# Visual Studio 2012
Project("{FAE04EC0-301F-11D3-BF4B-00C04F79EFBC}") = "LGK.Injection.Example", "LGK.Injection.Example\LGK.Injection.Example.csproj", "{D8F76C52-DA5B-478E-8DB6-6C8D9E3EE205}"
EndProject
Project("{FAE04EC0-301F-11D3-BF4B-00C04F79EFBC}") = "LGK.Injection", "LGK.Injection\LGK.Injection\LGK.Injection.csproj", "{665307AE-E945-4D18-86AD-235D47F66E63}"
EndProject
Global
	GlobalSection(SolutionConfigurationPlatforms) = preSolution
		Debug|x86 = Debug|x86
		Release|x86 = Release|x86
	EndGlobalSection
	GlobalSection(ProjectConfigurationPlatforms) = postSolution
		{D8F76C52-DA5B-478E-8DB6-6C8D9E3EE205}.Debug|x86.ActiveCfg = Debug|x86
		{D8F76C52-DA5B-478E-8DB6-6C8D9E3EE205}.Debug|x86.Build.0 = Debug|x86
		{D8F76C52-DA5B-478E-8DB6-6C8D9E3EE205}.Release|x86.ActiveCfg = Release|x86
		{D8F76C52-DA5B-478E-8DB6-6C8D9E3EE205}.Release|x86.Build.0 = Release|x86
		{665307AE-E945-4D18-86AD-235D47F66E63}.Debug|x86.ActiveCfg = Debug|Any CPU
		{665307AE-E945-4D18-86AD-235D47F66E63}.Debug|x86.Build.0 = Debug|Any CPU
		{665307AE-E945-4D18-86AD-235D47F66E63}.Release|x86.ActiveCfg = Release|Any CPU
		{665307AE-E945-4D18-86AD-235D47F66E63}.Release|x86.Build.0 = Release|Any CPU
	EndGlobalSection
EndGlobal
